schema: '2.0'
stages:
  preprocess:
    cmd: python src/data/preprocess.py --in data/raw/housing.csv --out data 
      --test_size 0.2 --random_state 42 --target median_house_value
    deps:
    - path: data/raw/housing.csv
      hash: md5
      md5: d1c47305887e2252bf1ccbd74ff159a6
      size: 1423529
    - path: src/data/preprocess.py
      hash: md5
      md5: 586e4706f22aa85eb2899893e98e83bb
      size: 3911
    outs:
    - path: data/processed/X_test.csv
      hash: md5
      md5: c84f81954aa1642ce7d8562777ddfec3
      size: 1075187
    - path: data/processed/X_train.csv
      hash: md5
      md5: f3fd18eb02f18d39914f36b81dee28e4
      size: 4300094
    - path: data/processed/y_test.csv
      hash: md5
      md5: 522f50a9fa80cb18b554f31ef582beff
      size: 40570
    - path: data/processed/y_train.csv
      hash: md5
      md5: 78e6b95ac0a752310aa52c373ae42519
      size: 162274
    - path: data/raw/X_test_raw.csv
      hash: md5
      md5: e9ef38899444e4f27ed29671b97d8ff8
      size: 334944
    - path: data/raw/X_train_raw.csv
      hash: md5
      md5: 36e7d46b9a68d65c24840ea40476acad
      size: 1339872
    - path: data/raw/y_test_raw.csv
      hash: md5
      md5: 522f50a9fa80cb18b554f31ef582beff
      size: 40570
    - path: data/raw/y_train_raw.csv
      hash: md5
      md5: 78e6b95ac0a752310aa52c373ae42519
      size: 162274
    - path: models/scaler.joblib
      hash: md5
      md5: ba3b4d103a7b02ed054c22da0c6813ed
      size: 1407
  train:
    cmd: python src/model/train_and_track.py
    deps:
    - path: data/processed/X_test.csv
      hash: md5
      md5: c84f81954aa1642ce7d8562777ddfec3
      size: 1075187
    - path: data/processed/X_train.csv
      hash: md5
      md5: f3fd18eb02f18d39914f36b81dee28e4
      size: 4300094
    - path: data/processed/y_test.csv
      hash: md5
      md5: 522f50a9fa80cb18b554f31ef582beff
      size: 40570
    - path: data/processed/y_train.csv
      hash: md5
      md5: 78e6b95ac0a752310aa52c373ae42519
      size: 162274
    - path: models/scaler.joblib
      hash: md5
      md5: ba3b4d103a7b02ed054c22da0c6813ed
      size: 1407
    - path: src/model/train_and_track.py
      hash: md5
      md5: bb2a161779bb380ef7282a75d18ef3d0
      size: 2773
    outs:
    - path: models/best_model.joblib
      hash: md5
      md5: f73a89bce47e37dfcb162b2e2bc3766e
      size: 1265
